
Microsoft Visual Studio Solution File, Format Version 12.00
# Visual Studio Version 16
VisualStudioVersion = 16.0.29806.167
MinimumVisualStudioVersion = 10.0.40219.1
Project("{FAE04EC0-301F-11D3-BF4B-00C04F79EFBC}") = "Testing", "Testing\Testing.csproj", "{B4276D24-9CD0-4806-A324-AF59BF8D648E}"
EndProject
Global
	GlobalSection(SolutionConfigurationPlatforms) = preSolution
		Debug|Any CPU = Debug|Any CPU
		Release|Any CPU = Release|Any CPU
	EndGlobalSection
	GlobalSection(ProjectConfigurationPlatforms) = postSolution
		{B4276D24-9CD0-4806-A324-AF59BF8D648E}.Debug|Any CPU.ActiveCfg = Debug|Any CPU
		{B4276D24-9CD0-4806-A324-AF59BF8D648E}.Debug|Any CPU.Build.0 = Debug|Any CPU
		{B4276D24-9CD0-4806-A324-AF59BF8D648E}.Release|Any CPU.ActiveCfg = Release|Any CPU
		{B4276D24-9CD0-4806-A324-AF59BF8D648E}.Release|Any CPU.Build.0 = Release|Any CPU
	EndGlobalSection
	GlobalSection(SolutionProperties) = preSolution
		HideSolutionNode = FALSE
	EndGlobalSection
	GlobalSection(ExtensibilityGlobals) = postSolution
		SolutionGuid = {80AE14C5-1CE8-467B-88E6-B57006F426CC}
	EndGlobalSection
EndGlobal
